
Microsoft Visual Studio Solution File, Format Version 12.00
# Visual Studio Version 17
VisualStudioVersion = 17.14.37012.4 d17.14
MinimumVisualStudioVersion = 10.0.40219.1
Project("{FAE04EC0-301F-11D3-BF4B-00C04F79EFBC}") = "SwiftPOS1", "SwiftPOS1\SwiftPOS1.csproj", "{524E26B5-E3CA-4C3B-80EB-3C68D111A398}"
EndProject
Global
	GlobalSection(SolutionConfigurationPlatforms) = preSolution
		Debug|Any CPU = Debug|Any CPU
		Release|Any CPU = Release|Any CPU
	EndGlobalSection
	GlobalSection(ProjectConfigurationPlatforms) = postSolution
		{524E26B5-E3CA-4C3B-80EB-3C68D111A398}.Debug|Any CPU.ActiveCfg = Debug|Any CPU
		{524E26B5-E3CA-4C3B-80EB-3C68D111A398}.Debug|Any CPU.Build.0 = Debug|Any CPU
		{524E26B5-E3CA-4C3B-80EB-3C68D111A398}.Release|Any CPU.ActiveCfg = Release|Any CPU
		{524E26B5-E3CA-4C3B-80EB-3C68D111A398}.Release|Any CPU.Build.0 = Release|Any CPU
	EndGlobalSection
	GlobalSection(SolutionProperties) = preSolution
		HideSolutionNode = FALSE
	EndGlobalSection
	GlobalSection(ExtensibilityGlobals) = postSolution
		SolutionGuid = {D44FAD44-A689-48BA-9933-BD6094269C58}
	EndGlobalSection
EndGlobal
